Microsoft Visual Studio Solution File, Format Version 12.00
# Visual Studio Version 17
VisualStudioVersion = 17.5.2.0
MinimumVisualStudioVersion = 10.0.40219.1
Project("{FAE04EC0-301F-11D3-BF4B-00C04F79EFBC}") = "TodoApiSS", "TodoApiSS.csproj", "{A04A5806-77AF-5B89-2B42-80C741DBC504}"
EndProject
Global
	GlobalSection(SolutionConfigurationPlatforms) = preSolution
		Debug|Any CPU = Debug|Any CPU
		Release|Any CPU = Release|Any CPU
	EndGlobalSection
	GlobalSection(ProjectConfigurationPlatforms) = postSolution
		{A04A5806-77AF-5B89-2B42-80C741DBC504}.Debug|Any CPU.ActiveCfg = Debug|Any CPU
		{A04A5806-77AF-5B89-2B42-80C741DBC504}.Debug|Any CPU.Build.0 = Debug|Any CPU
		{A04A5806-77AF-5B89-2B42-80C741DBC504}.Release|Any CPU.ActiveCfg = Release|Any CPU
		{A04A5806-77AF-5B89-2B42-80C741DBC504}.Release|Any CPU.Build.0 = Release|Any CPU
	EndGlobalSection
	GlobalSection(SolutionProperties) = preSolution
		HideSolutionNode = FALSE
	EndGlobalSection
	GlobalSection(ExtensibilityGlobals) = postSolution
		SolutionGuid = {A1879A8B-0F97-4F7D-846E-C728F90662A3}
	EndGlobalSection
EndGlobal
